// !$*UTF8*$!
{
	archiveVersion = 1;
	classes = {
	};
	objectVersion = 48;
	objects = {

/* Begin PBXBuildFile section */
		ED1CA58D1FB7600700116DE4 /* AppDelegate.swift in Sources */ = {isa = PBXBuildFile; fileRef = ED1CA58C1FB7600700116DE4 /* AppDelegate.swift */; };
		ED1CA58F1FB7600700116DE4 /* ViewController.swift in Sources */ = {isa = PBXBuildFile; fileRef = ED1CA58E1FB7600700116DE4 /* ViewController.swift */; };
		ED1CA5921FB7600700116DE4 /* Main.storyboard in Resources */ = {isa = PBXBuildFile; fileRef = ED1CA5901FB7600700116DE4 /* Main.storyboard */; };
		ED1CA5951FB7600700116DE4 /* Transit_Status.xcdatamodeld in Sources */ = {isa = PBXBuildFile; fileRef = ED1CA5931FB7600700116DE4 /* Transit_Status.xcdatamodeld */; };
		ED1CA5971FB7600700116DE4 /* Assets.xcassets in Resources */ = {isa = PBXBuildFile; fileRef = ED1CA5961FB7600700116DE4 /* Assets.xcassets */; };
		ED1CA59A1FB7600700116DE4 /* LaunchScreen.storyboard in Resources */ = {isa = PBXBuildFile; fileRef = ED1CA5981FB7600700116DE4 /* LaunchScreen.storyboard */; };
		ED1CA5A51FB7600700116DE4 /* Transit_StatusTests.swift in Sources */ = {isa = PBXBuildFile; fileRef = ED1CA5A41FB7600700116DE4 /* Transit_StatusTests.swift */; };
		ED1CA5B01FB7600700116DE4 /* Transit_StatusUITests.swift in Sources */ = {isa = PBXBuildFile; fileRef = ED1CA5AF1FB7600700116DE4 /* Transit_StatusUITests.swift */; };
/* End PBXBuildFile section */

/* Begin PBXContainerItemProxy section */
		ED1CA5A11FB7600700116DE4 /* PBXContainerItemProxy */ = {
			isa = PBXContainerItemProxy;
			containerPortal = ED1CA5811FB7600700116DE4 /* Project object */;
			proxyType = 1;
			remoteGlobalIDString = ED1CA5881FB7600700116DE4;
			remoteInfo = "Transit Status";
		};
		ED1CA5AC1FB7600700116DE4 /* PBXContainerItemProxy */ = {
			isa = PBXContainerItemProxy;
			containerPortal = ED1CA5811FB7600700116DE4 /* Project object */;
			proxyType = 1;
			remoteGlobalIDString = ED1CA5881FB7600700116DE4;
			remoteInfo = "Transit Status";
		};
/* End PBXContainerItemProxy section */

/* Begin PBXFileReference section */
		ED1CA5891FB7600700116DE4 /* Transit Status.app */ = {isa = PBXFileReference; explicitFileType = wrapper.application; includeInIndex = 0; path = "Transit Status.app"; sourceTree = BUILT_PRODUCTS_DIR; };
		ED1CA58C1FB7600700116DE4 /* AppDelegate.swift */ = {isa = PBXFileReference; lastKnownFileType = sourcecode.swift; path = AppDelegate.swift; sourceTree = "<group>"; };
		ED1CA58E1FB7600700116DE4 /* ViewController.swift */ = {isa = PBXFileReference; lastKnownFileType = sourcecode.swift; path = ViewController.swift; sourceTree = "<group>"; };
		ED1CA5911FB7600700116DE4 /* Base */ = {isa = PBXFileReference; lastKnownFileType = file.storyboard; name = Base; path = Base.lproj/Main.storyboard; sourceTree = "<group>"; };
		ED1CA5941FB7600700116DE4 /* Transit_Status.xcdatamodel */ = {isa = PBXFileReference; lastKnownFileType = wrapper.xcdatamodel; path = Transit_Status.xcdatamodel; sourceTree = "<group>"; };
		ED1CA5961FB7600700116DE4 /* Assets.xcassets */ = {isa = PBXFileReference; lastKnownFileType = folder.assetcatalog; path = Assets.xcassets; sourceTree = "<group>"; };
		ED1CA5991FB7600700116DE4 /* Base */ = {isa = PBXFileReference; lastKnownFileType = file.storyboard; name = Base; path = Base.lproj/LaunchScreen.storyboard; sourceTree = "<group>"; };
		ED1CA59B1FB7600700116DE4 /* Info.plist */ = {isa = PBXFileReference; lastKnownFileType = text.plist.xml; path = Info.plist; sourceTree = "<group>"; };
		ED1CA5A01FB7600700116DE4 /* Transit StatusTests.xctest */ = {isa = PBXFileReference; explicitFileType = wrapper.cfbundle; includeInIndex = 0; path = "Transit StatusTests.xctest"; sourceTree = BUILT_PRODUCTS_DIR; };
		ED1CA5A41FB7600700116DE4 /* Transit_StatusTests.swift */ = {isa = PBXFileReference; lastKnownFileType = sourcecode.swift; path = Transit_StatusTests.swift; sourceTree = "<group>"; };
		ED1CA5A61FB7600700116DE4 /* Info.plist */ = {isa = PBXFileReference; lastKnownFileType = text.plist.xml; path = Info.plist; sourceTree = "<group>"; };
		ED1CA5AB1FB7600700116DE4 /* Transit StatusUITests.xctest */ = {isa = PBXFileReference; explicitFileType = wrapper.cfbundle; includeInIndex = 0; path = "Transit StatusUITests.xctest"; sourceTree = BUILT_PRODUCTS_DIR; };
		ED1CA5AF1FB7600700116DE4 /* Transit_StatusUITests.swift */ = {isa = PBXFileReference; lastKnownFileType = sourcecode.swift; path = Transit_StatusUITests.swift; sourceTree = "<group>"; };
		ED1CA5B11FB7600700116DE4 /* Info.plist */ = {isa = PBXFileReference; lastKnownFileType = text.plist.xml; path = Info.plist; sourceTree = "<group>"; };
/* End PBXFileReference section */

/* Begin PBXFrameworksBuildPhase section */
		ED1CA5861FB7600700116DE4 /* Frameworks */ = {
			isa = PBXFrameworksBuildPhase;
			buildActionMask = 2147483647;
			files = (
			);
			runOnlyForDeploymentPostprocessing = 0;
		};
		ED1CA59D1FB7600700116DE4 /* Frameworks */ = {
			isa = PBXFrameworksBuildPhase;
			buildActionMask = 2147483647;
			files = (
			);
			runOnlyForDeploymentPostprocessing = 0;
		};
		ED1CA5A81FB7600700116DE4 /* Frameworks */ = {
			isa = PBXFrameworksBuildPhase;
			buildActionMask = 2147483647;
			files = (
			);
			runOnlyForDeploymentPostprocessing = 0;
		};
/* End PBXFrameworksBuildPhase section */

/* Begin PBXGroup section */
		ED1CA5801FB7600700116DE4 = {
			isa = PBXGroup;
			children = (
				ED1CA58B1FB7600700116DE4 /* Transit Status */,
				ED1CA5A31FB7600700116DE4 /* Transit StatusTests */,
				ED1CA5AE1FB7600700116DE4 /* Transit StatusUITests */,
				ED1CA58A1FB7600700116DE4 /* Products */,
			);
			sourceTree = "<group>";
		};
		ED1CA58A1FB7600700116DE4 /* Products */ = {
			isa = PBXGroup;
			children = (
				ED1CA5891FB7600700116DE4 /* Transit Status.app */,
				ED1CA5A01FB7600700116DE4 /* Transit StatusTests.xctest */,
				ED1CA5AB1FB7600700116DE4 /* Transit StatusUITests.xctest */,
			);
			name = Products;
			sourceTree = "<group>";
		};
		ED1CA58B1FB7600700116DE4 /* Transit Status */ = {
			isa = PBXGroup;
			children = (
				ED1CA58C1FB7600700116DE4 /* AppDelegate.swift */,
				ED1CA58E1FB7600700116DE4 /* ViewController.swift */,
				ED1CA5901FB7600700116DE4 /* Main.storyboard */,
				ED1CA5961FB7600700116DE4 /* Assets.xcassets */,
				ED1CA5981FB7600700116DE4 /* LaunchScreen.storyboard */,
				ED1CA59B1FB7600700116DE4 /* Info.plist */,
				ED1CA5931FB7600700116DE4 /* Transit_Status.xcdatamodeld */,
			);
			path = "Transit Status";
			sourceTree = "<group>";
		};
		ED1CA5A31FB7600700116DE4 /* Transit StatusTests */ = {
			isa = PBXGroup;
			children = (
				ED1CA5A41FB7600700116DE4 /* Transit_StatusTests.swift */,
				ED1CA5A61FB7600700116DE4 /* Info.plist */,
			);
			path = "Transit StatusTests";
			sourceTree = "<group>";
		};
		ED1CA5AE1FB7600700116DE4 /* Transit StatusUITests */ = {
			isa = PBXGroup;
			children = (
				ED1CA5AF1FB7600700116DE4 /* Transit_StatusUITests.swift */,
				ED1CA5B11FB7600700116DE4 /* Info.plist */,
			);
			path = "Transit StatusUITests";
			sourceTree = "<group>";
		};
/* End PBXGroup section */

/* Begin PBXNativeTarget section */
		ED1CA5881FB7600700116DE4 /* Transit Status */ = {
			isa = PBXNativeTarget;
			buildConfigurationList = ED1CA5B41FB7600700116DE4 /* Build configuration list for PBXNativeTarget "Transit Status" */;
			buildPhases = (
				ED1CA5851FB7600700116DE4 /* Sources */,
				ED1CA5861FB7600700116DE4 /* Frameworks */,
				ED1CA5871FB7600700116DE4 /* Resources */,
			);
			buildRules = (
			);
			dependencies = (
			);
			name = "Transit Status";
			productName = "Transit Status";
			productReference = ED1CA5891FB7600700116DE4 /* Transit Status.app */;
			productType = "com.apple.product-type.application";
		};
		ED1CA59F1FB7600700116DE4 /* Transit StatusTests */ = {
			isa = PBXNativeTarget;
			buildConfigurationList = ED1CA5B71FB7600700116DE4 /* Build configuration list for PBXNativeTarget "Transit StatusTests" */;
			buildPhases = (
				ED1CA59C1FB7600700116DE4 /* Sources */,
				ED1CA59D1FB7600700116DE4 /* Frameworks */,
				ED1CA59E1FB7600700116DE4 /* Resources */,
			);
			buildRules = (
			);
			dependencies = (
				ED1CA5A21FB7600700116DE4 /* PBXTargetDependency */,
			);
			name = "Transit StatusTests";
			productName = "Transit StatusTests";
			productReference = ED1CA5A01FB7600700116DE4 /* Transit StatusTests.xctest */;
			productType = "com.apple.product-type.bundle.unit-test";
		};
		ED1CA5AA1FB7600700116DE4 /* Transit StatusUITests */ = {
			isa = PBXNativeTarget;
			buildConfigurationList = ED1CA5BA1FB7600700116DE4 /* Build configuration list for PBXNativeTarget "Transit StatusUITests" */;
			buildPhases = (
				ED1CA5A71FB7600700116DE4 /* Sources */,
				ED1CA5A81FB7600700116DE4 /* Frameworks */,
				ED1CA5A91FB7600700116DE4 /* Resources */,
			);
			buildRules = (
			);
			dependencies = (
				ED1CA5AD1FB7600700116DE4 /* PBXTargetDependency */,
			);
			name = "Transit StatusUITests";
			productName = "Transit StatusUITests";
			productReference = ED1CA5AB1FB7600700116DE4 /* Transit StatusUITests.xctest */;
			productType = "com.apple.product-type.bundle.ui-testing";
		};
/* End PBXNativeTarget section */

/* Begin PBXProject section */
		ED1CA5811FB7600700116DE4 /* Project object */ = {
			isa = PBXProject;
			attributes = {
				LastSwiftUpdateCheck = 0910;
				LastUpgradeCheck = 0910;
				ORGANIZATIONNAME = "Neftali Samarey";
				TargetAttributes = {
					ED1CA5881FB7600700116DE4 = {
						CreatedOnToolsVersion = 9.1;
						ProvisioningStyle = Automatic;
					};
					ED1CA59F1FB7600700116DE4 = {
						CreatedOnToolsVersion = 9.1;
						ProvisioningStyle = Automatic;
						TestTargetID = ED1CA5881FB7600700116DE4;
					};
					ED1CA5AA1FB7600700116DE4 = {
						CreatedOnToolsVersion = 9.1;
						ProvisioningStyle = Automatic;
						TestTargetID = ED1CA5881FB7600700116DE4;
					};
				};
			};
			buildConfigurationList = ED1CA5841FB7600700116DE4 /* Build configuration list for PBXProject "Transit Status" */;
			compatibilityVersion = "Xcode 8.0";
			developmentRegion = en;
			hasScannedForEncodings = 0;
			knownRegions = (
				en,
				Base,
			);
			mainGroup = ED1CA5801FB7600700116DE4;
			productRefGroup = ED1CA58A1FB7600700116DE4 /* Products */;
			projectDirPath = "";
			projectRoot = "";
			targets = (
				ED1CA5881FB7600700116DE4 /* Transit Status */,
				ED1CA59F1FB7600700116DE4 /* Transit StatusTests */,
				ED1CA5AA1FB7600700116DE4 /* Transit StatusUITests */,
			);
		};
/* End PBXProject section */

/* Begin PBXResourcesBuildPhase section */
		ED1CA5871FB7600700116DE4 /* Resources */ = {
			isa = PBXResourcesBuildPhase;
			buildActionMask = 2147483647;
			files = (
				ED1CA59A1FB7600700116DE4 /* LaunchScreen.storyboard in Resources */,
				ED1CA5971FB7600700116DE4 /* Assets.xcassets in Resources */,
				ED1CA5921FB7600700116DE4 /* Main.storyboard in Resources */,
			);
			runOnlyForDeploymentPostprocessing = 0;
		};
		ED1CA59E1FB7600700116DE4 /* Resources */ = {
			isa = PBXResourcesBuildPhase;
			buildActionMask = 2147483647;
			files = (
			);
			runOnlyForDeploymentPostprocessing = 0;
		};
		ED1CA5A91FB7600700116DE4 /* Resources */ = {
			isa = PBXResourcesBuildPhase;
			buildActionMask = 2147483647;
			files = (
			);
			runOnlyForDeploymentPostprocessing = 0;
		};
/* End PBXResourcesBuildPhase section */

/* Begin PBXSourcesBuildPhase section */
		ED1CA5851FB7600700116DE4 /* Sources */ = {
			isa = PBXSourcesBuildPhase;
			buildActionMask = 2147483647;
			files = (
				ED1CA58F1FB7600700116DE4 /* ViewController.swift in Sources */,
				ED1CA58D1FB7600700116DE4 /* AppDelegate.swift in Sources */,
				ED1CA5951FB7600700116DE4 /* Transit_Status.xcdatamodeld in Sources */,
			);
			runOnlyForDeploymentPostprocessing = 0;
		};
		ED1CA59C1FB7600700116DE4 /* Sources */ = {
			isa = PBXSourcesBuildPhase;
			buildActionMask = 2147483647;
			files = (
				ED1CA5A51FB7600700116DE4 /* Transit_StatusTests.swift in Sources */,
			);
			runOnlyForDeploymentPostprocessing = 0;
		};
		ED1CA5A71FB7600700116DE4 /* Sources */ = {
			isa = PBXSourcesBuildPhase;
			buildActionMask = 2147483647;
			files = (
				ED1CA5B01FB7600700116DE4 /* Transit_StatusUITests.swift in Sources */,
			);
			runOnlyForDeploymentPostprocessing = 0;
		};
/* End PBXSourcesBuildPhase section */

/* Begin PBXTargetDependency section */
		ED1CA5A21FB7600700116DE4 /* PBXTargetDependency */ = {
			isa = PBXTargetDependency;
			target = ED1CA5881FB7600700116DE4 /* Transit Status */;
			targetProxy = ED1CA5A11FB7600700116DE4 /* PBXContainerItemProxy */;
		};
		ED1CA5AD1FB7600700116DE4 /* PBXTargetDependency */ = {
			isa = PBXTargetDependency;
			target = ED1CA5881FB7600700116DE4 /* Transit Status */;
			targetProxy = ED1CA5AC1FB7600700116DE4 /* PBXContainerItemProxy */;
		};
/* End PBXTargetDependency section */

/* Begin PBXVariantGroup section */
		ED1CA5901FB7600700116DE4 /* Main.storyboard */ = {
			isa = PBXVariantGroup;
			children = (
				ED1CA5911FB7600700116DE4 /* Base */,
			);
			name = Main.storyboard;
			sourceTree = "<group>";
		};
		ED1CA5981FB7600700116DE4 /* LaunchScreen.storyboard */ = {
			isa = PBXVariantGroup;
			children = (
				ED1CA5991FB7600700116DE4 /* Base */,
			);
			name = LaunchScreen.storyboard;
			sourceTree = "<group>";
		};
/* End PBXVariantGroup section */

/* Begin XCBuildConfiguration section */
		ED1CA5B21FB7600700116DE4 /* Debug */ = {
			isa = XCBuildConfiguration;
			buildSettings = {
				ALWAYS_SEARCH_USER_PATHS = NO;
				CLANG_ANALYZER_NONNULL = YES;
				CLANG_ANALYZER_NUMBER_OBJECT_CONVERSION = YES_AGGRESSIVE;
				CLANG_CXX_LANGUAGE_STANDARD = "gnu++14";
				CLANG_CXX_LIBRARY = "libc++";
				CLANG_ENABLE_MODULES = YES;
				CLANG_ENABLE_OBJC_ARC = YES;
				CLANG_WARN_BLOCK_CAPTURE_AUTORELEASING = YES;
				CLANG_WARN_BOOL_CONVERSION = YES;
				CLANG_WARN_COMMA = YES;
				CLANG_WARN_CONSTANT_CONVERSION = YES;
				CLANG_WARN_DIRECT_OBJC_ISA_USAGE = YES_ERROR;
				CLANG_WARN_DOCUMENTATION_COMMENTS = YES;
				CLANG_WARN_EMPTY_BODY = YES;
				CLANG_WARN_ENUM_CONVERSION = YES;
				CLANG_WARN_INFINITE_RECURSION = YES;
				CLANG_WARN_INT_CONVERSION = YES;
				CLANG_WARN_NON_LITERAL_NULL_CONVERSION = YES;
				CLANG_WARN_OBJC_LITERAL_CONVERSION = YES;
				CLANG_WARN_OBJC_ROOT_CLASS = YES_ERROR;
				CLANG_WARN_RANGE_LOOP_ANALYSIS = YES;
				CLANG_WARN_STRICT_PROTOTYPES = YES;
				CLANG_WARN_SUSPICIOUS_MOVE = YES;
				CLANG_WARN_UNGUARDED_AVAILABILITY = YES_AGGRESSIVE;
				CLANG_WARN_UNREACHABLE_CODE = YES;
				CLANG_WARN__DUPLICATE_METHOD_MATCH = YES;
				CODE_SIGN_IDENTITY = "iPhone Developer";
				COPY_PHASE_STRIP = NO;
				DEBUG_INFORMATION_FORMAT = dwarf;
				ENABLE_STRICT_OBJC_MSGSEND = YES;
				ENABLE_TESTABILITY = YES;
				GCC_C_LANGUAGE_STANDARD = gnu11;
				GCC_DYNAMIC_NO_PIC = NO;
				GCC_NO_COMMON_BLOCKS = YES;
				GCC_OPTIMIZATION_LEVEL = 0;
				GCC_PREPROCESSOR_DEFINITIONS = (
					"DEBUG=1",
					"$(inherited)",
				);
				GCC_WARN_64_TO_32_BIT_CONVERSION = YES;
				GCC_WARN_ABOUT_RETURN_TYPE = YES_ERROR;
				GCC_WARN_UNDECLARED_SELECTOR = YES;
				GCC_WARN_UNINITIALIZED_AUTOS = YES_AGGRESSIVE;
				GCC_WARN_UNUSED_FUNCTION = YES;
				GCC_WARN_UNUSED_VARIABLE = YES;
				IPHONEOS_DEPLOYMENT_TARGET = 11.1;
				MTL_ENABLE_DEBUG_INFO = YES;
				ONLY_ACTIVE_ARCH = YES;
				SDKROOT = iphoneos;
				SWIFT_ACTIVE_COMPILATION_CONDITIONS = DEBUG;
				SWIFT_OPTIMIZATION_LEVEL = "-Onone";
			};
			name = Debug;
		};
		ED1CA5B31FB7600700116DE4 /* Release */ = {
			isa = XCBuildConfiguration;
			buildSettings = {
				ALWAYS_SEARCH_USER_PATHS = NO;
				CLANG_ANALYZER_NONNULL = YES;
				CLANG_ANALYZER_NUMBER_OBJECT_CONVERSION = YES_AGGRESSIVE;
				CLANG_CXX_LANGUAGE_STANDARD = "gnu++14";
				CLANG_CXX_LIBRARY = "libc++";
				CLANG_ENABLE_MODULES = YES;
				CLANG_ENABLE_OBJC_ARC = YES;
				CLANG_WARN_BLOCK_CAPTURE_AUTORELEASING = YES;
				CLANG_WARN_BOOL_CONVERSION = YES;
				CLANG_WARN_COMMA = YES;
				CLANG_WARN_CONSTANT_CONVERSION = YES;
				CLANG_WARN_DIRECT_OBJC_ISA_USAGE = YES_ERROR;
				CLANG_WARN_DOCUMENTATION_COMMENTS = YES;
				CLANG_WARN_EMPTY_BODY = YES;
				CLANG_WARN_ENUM_CONVERSION = YES;
				CLANG_WARN_INFINITE_RECURSION = YES;
				CLANG_WARN_INT_CONVERSION = YES;
				CLANG_WARN_NON_LITERAL_NULL_CONVERSION = YES;
				CLANG_WARN_OBJC_LITERAL_CONVERSION = YES;
				CLANG_WARN_OBJC_ROOT_CLASS = YES_ERROR;
				CLANG_WARN_RANGE_LOOP_ANALYSIS = YES;
				CLANG_WARN_STRICT_PROTOTYPES = YES;
				CLANG_WARN_SUSPICIOUS_MOVE = YES;
				CLANG_WARN_UNGUARDED_AVAILABILITY = YES_AGGRESSIVE;
				CLANG_WARN_UNREACHABLE_CODE = YES;
				CLANG_WARN__DUPLICATE_METHOD_MATCH = YES;
				CODE_SIGN_IDENTITY = "iPhone Developer";
				COPY_PHASE_STRIP = NO;
				DEBUG_INFORMATION_FORMAT = "dwarf-with-dsym";
				ENABLE_NS_ASSERTIONS = NO;
				ENABLE_STRICT_OBJC_MSGSEND = YES;
				GCC_C_LANGUAGE_STANDARD = gnu11;
				GCC_NO_COMMON_BLOCKS = YES;
				GCC_WARN_64_TO_32_BIT_CONVERSION = YES;
				GCC_WARN_ABOUT_RETURN_TYPE = YES_ERROR;
				GCC_WARN_UNDECLARED_SELECTOR = YES;
				GCC_WARN_UNINITIALIZED_AUTOS = YES_AGGRESSIVE;
				GCC_WARN_UNUSED_FUNCTION = YES;
				GCC_WARN_UNUSED_VARIABLE = YES;
				IPHONEOS_DEPLOYMENT_TARGET = 11.1;
				MTL_ENABLE_DEBUG_INFO = NO;
				SDKROOT = iphoneos;
				SWIFT_OPTIMIZATION_LEVEL = "-Owholemodule";
				VALIDATE_PRODUCT = YES;
			};
			name = Release;
		};
		ED1CA5B51FB7600700116DE4 /* Debug */ = {
			isa = XCBuildConfiguration;
			buildSettings = {
				ASSETCATALOG_COMPILER_APPICON_NAME = AppIcon;
				CODE_SIGN_STYLE = Automatic;
				DEVELOPMENT_TEAM = X752JDEFHP;
				INFOPLIST_FILE = "Transit Status/Info.plist";
				LD_RUNPATH_SEARCH_PATHS = "$(inherited) @executable_path/Frameworks";
				PRODUCT_BUNDLE_IDENTIFIER = "ReactorApps.Transit-Status";
				PRODUCT_NAME = "$(TARGET_NAME)";
				SWIFT_VERSION = 4.0;
				TARGETED_DEVICE_FAMILY = "1,2";
			};
			name = Debug;
		};
		ED1CA5B61FB7600700116DE4 /* Release */ = {
			isa = XCBuildConfiguration;
			buildSettings = {
				ASSETCATALOG_COMPILER_APPICON_NAME = AppIcon;
				CODE_SIGN_STYLE = Automatic;
				DEVELOPMENT_TEAM = X752JDEFHP;
				INFOPLIST_FILE = "Transit Status/Info.plist";
				LD_RUNPATH_SEARCH_PATHS = "$(inherited) @executable_path/Frameworks";
				PRODUCT_BUNDLE_IDENTIFIER = "ReactorApps.Transit-Status";
				PRODUCT_NAME = "$(TARGET_NAME)";
				SWIFT_VERSION = 4.0;
				TARGETED_DEVICE_FAMILY = "1,2";
			};
			name = Release;
		};
		ED1CA5B81FB7600700116DE4 /* Debug */ = {
			isa = XCBuildConfiguration;
			buildSettings = {
				ALWAYS_EMBED_SWIFT_STANDARD_LIBRARIES = YES;
				BUNDLE_LOADER = "$(TEST_HOST)";
				CODE_SIGN_STYLE = Automatic;
				DEVELOPMENT_TEAM = X752JDEFHP;
				INFOPLIST_FILE = "Transit StatusTests/Info.plist";
				LD_RUNPATH_SEARCH_PATHS = "$(inherited) @executable_path/Frameworks @loader_path/Frameworks";
				PRODUCT_BUNDLE_IDENTIFIER = "ReactorApps.Transit-StatusTests";
				PRODUCT_NAME = "$(TARGET_NAME)";
				SWIFT_VERSION = 4.0;
				TARGETED_DEVICE_FAMILY = "1,2";
				TEST_HOST = "$(BUILT_PRODUCTS_DIR)/Transit Status.app/Transit Status";
			};
			name = Debug;
		};
		ED1CA5B91FB7600700116DE4 /* Release */ = {
			isa = XCBuildConfiguration;
			buildSettings = {
				ALWAYS_EMBED_SWIFT_STANDARD_LIBRARIES = YES;
				BUNDLE_LOADER = "$(TEST_HOST)";
				CODE_SIGN_STYLE = Automatic;
				DEVELOPMENT_TEAM = X752JDEFHP;
				INFOPLIST_FILE = "Transit StatusTests/Info.plist";
				LD_RUNPATH_SEARCH_PATHS = "$(inherited) @executable_path/Frameworks @loader_path/Frameworks";
				PRODUCT_BUNDLE_IDENTIFIER = "ReactorApps.Transit-StatusTests";
				PRODUCT_NAME = "$(TARGET_NAME)";
				SWIFT_VERSION = 4.0;
				TARGETED_DEVICE_FAMILY = "1,2";
				TEST_HOST = "$(BUILT_PRODUCTS_DIR)/Transit Status.app/Transit Status";
			};
			name = Release;
		};
		ED1CA5BB1FB7600700116DE4 /* Debug */ = {
			isa = XCBuildConfiguration;
			buildSettings = {
				ALWAYS_EMBED_SWIFT_STANDARD_LIBRARIES = YES;
				CODE_SIGN_STYLE = Automatic;
				DEVELOPMENT_TEAM = X752JDEFHP;
				INFOPLIST_FILE = "Transit StatusUITests/Info.plist";
				LD_RUNPATH_SEARCH_PATHS = "$(inherited) @executable_path/Frameworks @loader_path/Frameworks";
				PRODUCT_BUNDLE_IDENTIFIER = "ReactorApps.Transit-StatusUITests";
				PRODUCT_NAME = "$(TARGET_NAME)";
				SWIFT_VERSION = 4.0;
				TARGETED_DEVICE_FAMILY = "1,2";
				TEST_TARGET_NAME = "Transit Status";
			};
			name = Debug;
		};
		ED1CA5BC1FB7600700116DE4 /* Release */ = {
			isa = XCBuildConfiguration;
			buildSettings = {
				ALWAYS_EMBED_SWIFT_STANDARD_LIBRARIES = YES;
				CODE_SIGN_STYLE = Automatic;
				DEVELOPMENT_TEAM = X752JDEFHP;
				INFOPLIST_FILE = "Transit StatusUITests/Info.plist";
				LD_RUNPATH_SEARCH_PATHS = "$(inherited) @executable_path/Frameworks @loader_path/Frameworks";
				PRODUCT_BUNDLE_IDENTIFIER = "ReactorApps.Transit-StatusUITests";
				PRODUCT_NAME = "$(TARGET_NAME)";
				SWIFT_VERSION = 4.0;
				TARGETED_DEVICE_FAMILY = "1,2";
				TEST_TARGET_NAME = "Transit Status";
			};
			name = Release;
		};
/* End XCBuildConfiguration section */

/* Begin XCConfigurationList section */
		ED1CA5841FB7600700116DE4 /* Build configuration list for PBXProject "Transit Status" */ = {
			isa = XCConfigurationList;
			buildConfigurations = (
				ED1CA5B21FB7600700116DE4 /* Debug */,
				ED1CA5B31FB7600700116DE4 /* Release */,
			);
			defaultConfigurationIsVisible = 0;
			defaultConfigurationName = Release;
		};
		ED1CA5B41FB7600700116DE4 /* Build configuration list for PBXNativeTarget "Transit Status" */ = {
			isa = XCConfigurationList;
			buildConfigurations = (
				ED1CA5B51FB7600700116DE4 /* Debug */,
				ED1CA5B61FB7600700116DE4 /* Release */,
			);
			defaultConfigurationIsVisible = 0;
			defaultConfigurationName = Release;
		};
		ED1CA5B71FB7600700116DE4 /* Build configuration list for PBXNativeTarget "Transit StatusTests" */ = {
			isa = XCConfigurationList;
			buildConfigurations = (
				ED1CA5B81FB7600700116DE4 /* Debug */,
				ED1CA5B91FB7600700116DE4 /* Release */,
			);
			defaultConfigurationIsVisible = 0;
			defaultConfigurationName = Release;
		};
		ED1CA5BA1FB7600700116DE4 /* Build configuration list for PBXNativeTarget "Transit StatusUITests" */ = {
			isa = XCConfigurationList;
			buildConfigurations = (
				ED1CA5BB1FB7600700116DE4 /* Debug */,
				ED1CA5BC1FB7600700116DE4 /* Release */,
			);
			defaultConfigurationIsVisible = 0;
			defaultConfigurationName = Release;
		};
/* End XCConfigurationList section */

/* Begin XCVersionGroup section */
		ED1CA5931FB7600700116DE4 /* Transit_Status.xcdatamodeld */ = {
			isa = XCVersionGroup;
			children = (
				ED1CA5941FB7600700116DE4 /* Transit_Status.xcdatamodel */,
			);
			currentVersion = ED1CA5941FB7600700116DE4 /* Transit_Status.xcdatamodel */;
			path = Transit_Status.xcdatamodeld;
			sourceTree = "<group>";
			versionGroupType = wrapper.xcdatamodel;
		};
/* End XCVersionGroup section */
	};
	rootObject = ED1CA5811FB7600700116DE4 /* Project object */;
}
